
Microsoft Visual Studio Solution File, Format Version 12.00
# Visual Studio Version 17
VisualStudioVersion = 17.11.35303.130
MinimumVisualStudioVersion = 10.0.40219.1
Project("{9A19103F-16F7-4668-BE54-9A1E7A4F7556}") = "Devopsweb", "Devopsweb.csproj", "{B5B922D1-12AB-403B-BBD1-9BD8D9508153}"
EndProject
Project("{FAE04EC0-301F-11D3-BF4B-00C04F79EFBC}") = "DevopswebTests", "../DevopswebTests/DevopswebTests.csproj", "{ECB50929-1C75-4502-A879-B8C5137956EC}"
EndProject
Global
	GlobalSection(SolutionConfigurationPlatforms) = preSolution
		Debug|Any CPU = Debug|Any CPU
		Release|Any CPU = Release|Any CPU
	EndGlobalSection
	GlobalSection(ProjectConfigurationPlatforms) = postSolution
		{B5B922D1-12AB-403B-BBD1-9BD8D9508153}.Debug|Any CPU.ActiveCfg = Debug|Any CPU
		{B5B922D1-12AB-403B-BBD1-9BD8D9508153}.Debug|Any CPU.Build.0 = Debug|Any CPU
		{B5B922D1-12AB-403B-BBD1-9BD8D9508153}.Release|Any CPU.ActiveCfg = Release|Any CPU
		{B5B922D1-12AB-403B-BBD1-9BD8D9508153}.Release|Any CPU.Build.0 = Release|Any CPU
		{ECB50929-1C75-4502-A879-B8C5137956EC}.Debug|Any CPU.ActiveCfg = Debug|Any CPU
		{ECB50929-1C75-4502-A879-B8C5137956EC}.Debug|Any CPU.Build.0 = Debug|Any CPU
		{ECB50929-1C75-4502-A879-B8C5137956EC}.Release|Any CPU.ActiveCfg = Release|Any CPU
		{ECB50929-1C75-4502-A879-B8C5137956EC}.Release|Any CPU.Build.0 = Release|Any CPU
	EndGlobalSection
	GlobalSection(SolutionProperties) = preSolution
		HideSolutionNode = FALSE
	EndGlobalSection
	GlobalSection(ExtensibilityGlobals) = postSolution
		SolutionGuid = {E80A7D1F-1F95-4351-8A92-28FABE409A0D}
	EndGlobalSection
EndGlobal
